github.com/boombuler/barcode v1.0.2 h1:79yrbttoZrLGkL/oOI8hBrUKucwOL0oOjUgEguGMcJ4=
github.com/boombuler/barcode v1.0.2/go.mod h1:paBWMcWSl3LHKBqUq+rly7CNSldXjb2rDl3JlRe0mD8=
github.com/godoes/printers v0.1.4 h1:zaPuerJ+kEv+gJjwACXaREmpVKi+vXLGvDRNOVdHCfs=
github.com/godoes/printers v0.1.4/go.mod h1:xlIoOOvphWOTnlTMZe9y52M8JO82xiQyNJFtPgMK7Ms=
github.com/nfnt/resize v0.0.0-20180221191011-83c6a9932646 h1:zYyBkD/k9seD2A7fsi6Oo2LfFZAehjjQMERAvZLEDnQ=
github.com/nfnt/resize v0.0.0-20180221191011-83c6a9932646/go.mod h1:jpp1/29i3P1S/RLdc7JQKbRpFeM1dOBd8T9ki5s+AY8=
golang.org/x/image v0.20.0 h1:7cVCUjQwfL18gyBJOmYvptfSHS8Fb3YUDtfLIZ7Nbpw=
golang.org/x/image v0.20.0/go.mod h1:0a88To4CYVBAHp5FXJm8o7QbUl37Vd85ply1vyD8auM=
golang.org/x/sys v0.11.0 h1:eG7RXZHdqOJ1i+0lgLgCpSXAp6M3LYlAo6osgSi0xOM=
golang.org/x/sys v0.11.0/go.mod h1:oPkhp1MJrh7nUepCBck5+mAzfO9JrbApNNgaTdGDITg=
